
Microsoft Visual Studio Solution File, Format Version 12.00
# Visual Studio Version 17
VisualStudioVersion = 17.7.34031.279
MinimumVisualStudioVersion = 10.0.40219.1
Project("{FAE04EC0-301F-11D3-BF4B-00C04F79EFBC}") = "project_sonia_test2", "project_sonia_test2\project_sonia_test2.csproj", "{C99CB09B-CE8F-4223-8A82-D1EC290EF48E}"
EndProject
Global
	GlobalSection(SolutionConfigurationPlatforms) = preSolution
		Debug|Any CPU = Debug|Any CPU
		Release|Any CPU = Release|Any CPU
	EndGlobalSection
	GlobalSection(ProjectConfigurationPlatforms) = postSolution
		{C99CB09B-CE8F-4223-8A82-D1EC290EF48E}.Debug|Any CPU.ActiveCfg = Debug|Any CPU
		{C99CB09B-CE8F-4223-8A82-D1EC290EF48E}.Debug|Any CPU.Build.0 = Debug|Any CPU
		{C99CB09B-CE8F-4223-8A82-D1EC290EF48E}.Release|Any CPU.ActiveCfg = Release|Any CPU
		{C99CB09B-CE8F-4223-8A82-D1EC290EF48E}.Release|Any CPU.Build.0 = Release|Any CPU
	EndGlobalSection
	GlobalSection(SolutionProperties) = preSolution
		HideSolutionNode = FALSE
	EndGlobalSection
	GlobalSection(ExtensibilityGlobals) = postSolution
		SolutionGuid = {4D2B3FB3-A756-4CDC-BC46-9A2E70851304}
	EndGlobalSection
EndGlobal
