
Microsoft Visual Studio Solution File, Format Version 12.00
# Visual Studio Version 17
VisualStudioVersion = 17.7.34031.279
MinimumVisualStudioVersion = 10.0.40219.1
Project("{FAE04EC0-301F-11D3-BF4B-00C04F79EFBC}") = "criacao_ordenacao_arrays", "criacao_ordenacao_arrays\criacao_ordenacao_arrays.csproj", "{B96B3A96-69B9-49AE-A526-626B516243B7}"
EndProject
Global
	GlobalSection(SolutionConfigurationPlatforms) = preSolution
		Debug|Any CPU = Debug|Any CPU
		Release|Any CPU = Release|Any CPU
	EndGlobalSection
	GlobalSection(ProjectConfigurationPlatforms) = postSolution
		{B96B3A96-69B9-49AE-A526-626B516243B7}.Debug|Any CPU.ActiveCfg = Debug|Any CPU
		{B96B3A96-69B9-49AE-A526-626B516243B7}.Debug|Any CPU.Build.0 = Debug|Any CPU
		{B96B3A96-69B9-49AE-A526-626B516243B7}.Release|Any CPU.ActiveCfg = Release|Any CPU
		{B96B3A96-69B9-49AE-A526-626B516243B7}.Release|Any CPU.Build.0 = Release|Any CPU
	EndGlobalSection
	GlobalSection(SolutionProperties) = preSolution
		HideSolutionNode = FALSE
	EndGlobalSection
	GlobalSection(ExtensibilityGlobals) = postSolution
		SolutionGuid = {61B12180-F296-4812-9285-300696797E89}
	EndGlobalSection
EndGlobal
