
Microsoft Visual Studio Solution File, Format Version 12.00
# Visual Studio Version 17
VisualStudioVersion = 17.7.34031.279
MinimumVisualStudioVersion = 10.0.40219.1
Project("{FAE04EC0-301F-11D3-BF4B-00C04F79EFBC}") = "Projeto_Lavanderia_Samanta", "Projeto_Lavanderia_Samanta\Projeto_Lavanderia_Samanta.csproj", "{71D0AE88-4717-4A48-AD22-573F056505FE}"
EndProject
Global
	GlobalSection(SolutionConfigurationPlatforms) = preSolution
		Debug|Any CPU = Debug|Any CPU
		Release|Any CPU = Release|Any CPU
	EndGlobalSection
	GlobalSection(ProjectConfigurationPlatforms) = postSolution
		{71D0AE88-4717-4A48-AD22-573F056505FE}.Debug|Any CPU.ActiveCfg = Debug|Any CPU
		{71D0AE88-4717-4A48-AD22-573F056505FE}.Debug|Any CPU.Build.0 = Debug|Any CPU
		{71D0AE88-4717-4A48-AD22-573F056505FE}.Release|Any CPU.ActiveCfg = Release|Any CPU
		{71D0AE88-4717-4A48-AD22-573F056505FE}.Release|Any CPU.Build.0 = Release|Any CPU
	EndGlobalSection
	GlobalSection(SolutionProperties) = preSolution
		HideSolutionNode = FALSE
	EndGlobalSection
	GlobalSection(ExtensibilityGlobals) = postSolution
		SolutionGuid = {4CCDDAE3-18EE-4CF0-A687-756FC2423A38}
	EndGlobalSection
EndGlobal
