
Microsoft Visual Studio Solution File, Format Version 12.00
# Visual Studio Version 17
VisualStudioVersion = 17.7.34031.279
MinimumVisualStudioVersion = 10.0.40219.1
Project("{FAE04EC0-301F-11D3-BF4B-00C04F79EFBC}") = "aula_manha_18_setembro", "aula_manha_18_setembro\aula_manha_18_setembro.csproj", "{B9FFA0C0-D928-469C-9585-6478D57389E7}"
EndProject
Global
	GlobalSection(SolutionConfigurationPlatforms) = preSolution
		Debug|Any CPU = Debug|Any CPU
		Release|Any CPU = Release|Any CPU
	EndGlobalSection
	GlobalSection(ProjectConfigurationPlatforms) = postSolution
		{B9FFA0C0-D928-469C-9585-6478D57389E7}.Debug|Any CPU.ActiveCfg = Debug|Any CPU
		{B9FFA0C0-D928-469C-9585-6478D57389E7}.Debug|Any CPU.Build.0 = Debug|Any CPU
		{B9FFA0C0-D928-469C-9585-6478D57389E7}.Release|Any CPU.ActiveCfg = Release|Any CPU
		{B9FFA0C0-D928-469C-9585-6478D57389E7}.Release|Any CPU.Build.0 = Release|Any CPU
	EndGlobalSection
	GlobalSection(SolutionProperties) = preSolution
		HideSolutionNode = FALSE
	EndGlobalSection
	GlobalSection(ExtensibilityGlobals) = postSolution
		SolutionGuid = {DAE0FD88-0EA5-43C8-B05C-61496F3F1189}
	EndGlobalSection
EndGlobal
