
Microsoft Visual Studio Solution File, Format Version 12.00
# Visual Studio Version 17
VisualStudioVersion = 17.7.34031.279
MinimumVisualStudioVersion = 10.0.40219.1
Project("{FAE04EC0-301F-11D3-BF4B-00C04F79EFBC}") = "Projeto_UFCDs_Sonia", "Projeto_UFCDs_Sonia\Projeto_UFCDs_Sonia.csproj", "{1D718D34-6458-4402-9D88-E3B5738DECDE}"
EndProject
Global
	GlobalSection(SolutionConfigurationPlatforms) = preSolution
		Debug|Any CPU = Debug|Any CPU
		Release|Any CPU = Release|Any CPU
	EndGlobalSection
	GlobalSection(ProjectConfigurationPlatforms) = postSolution
		{1D718D34-6458-4402-9D88-E3B5738DECDE}.Debug|Any CPU.ActiveCfg = Debug|Any CPU
		{1D718D34-6458-4402-9D88-E3B5738DECDE}.Debug|Any CPU.Build.0 = Debug|Any CPU
		{1D718D34-6458-4402-9D88-E3B5738DECDE}.Release|Any CPU.ActiveCfg = Release|Any CPU
		{1D718D34-6458-4402-9D88-E3B5738DECDE}.Release|Any CPU.Build.0 = Release|Any CPU
	EndGlobalSection
	GlobalSection(SolutionProperties) = preSolution
		HideSolutionNode = FALSE
	EndGlobalSection
	GlobalSection(ExtensibilityGlobals) = postSolution
		SolutionGuid = {5E0F486B-E5F2-4FB1-98CB-9FFE984CFDF9}
	EndGlobalSection
EndGlobal
