
Microsoft Visual Studio Solution File, Format Version 12.00
# Visual Studio Version 17
VisualStudioVersion = 17.7.34031.279
MinimumVisualStudioVersion = 10.0.40219.1
Project("{FAE04EC0-301F-11D3-BF4B-00C04F79EFBC}") = "testeeee 1", "testeeee 1\testeeee 1.csproj", "{98D89E36-724F-4017-8FE0-3B1010BDD2DC}"
EndProject
Global
	GlobalSection(SolutionConfigurationPlatforms) = preSolution
		Debug|Any CPU = Debug|Any CPU
		Release|Any CPU = Release|Any CPU
	EndGlobalSection
	GlobalSection(ProjectConfigurationPlatforms) = postSolution
		{98D89E36-724F-4017-8FE0-3B1010BDD2DC}.Debug|Any CPU.ActiveCfg = Debug|Any CPU
		{98D89E36-724F-4017-8FE0-3B1010BDD2DC}.Debug|Any CPU.Build.0 = Debug|Any CPU
		{98D89E36-724F-4017-8FE0-3B1010BDD2DC}.Release|Any CPU.ActiveCfg = Release|Any CPU
		{98D89E36-724F-4017-8FE0-3B1010BDD2DC}.Release|Any CPU.Build.0 = Release|Any CPU
	EndGlobalSection
	GlobalSection(SolutionProperties) = preSolution
		HideSolutionNode = FALSE
	EndGlobalSection
	GlobalSection(ExtensibilityGlobals) = postSolution
		SolutionGuid = {DF99BDB8-F113-4853-BA72-3672C848B00E}
	EndGlobalSection
EndGlobal
