
Microsoft Visual Studio Solution File, Format Version 12.00
# Visual Studio Version 17
VisualStudioVersion = 17.7.34024.191
MinimumVisualStudioVersion = 10.0.40219.1
Project("{FAE04EC0-301F-11D3-BF4B-00C04F79EFBC}") = "cumprimenta_utilizador_pede_idade", "cumprimenta_utilizador_pede_idade\cumprimenta_utilizador_pede_idade.csproj", "{E7205644-5F41-4BD5-ACFF-160D29F053E0}"
EndProject
Global
	GlobalSection(SolutionConfigurationPlatforms) = preSolution
		Debug|Any CPU = Debug|Any CPU
		Release|Any CPU = Release|Any CPU
	EndGlobalSection
	GlobalSection(ProjectConfigurationPlatforms) = postSolution
		{E7205644-5F41-4BD5-ACFF-160D29F053E0}.Debug|Any CPU.ActiveCfg = Debug|Any CPU
		{E7205644-5F41-4BD5-ACFF-160D29F053E0}.Debug|Any CPU.Build.0 = Debug|Any CPU
		{E7205644-5F41-4BD5-ACFF-160D29F053E0}.Release|Any CPU.ActiveCfg = Release|Any CPU
		{E7205644-5F41-4BD5-ACFF-160D29F053E0}.Release|Any CPU.Build.0 = Release|Any CPU
	EndGlobalSection
	GlobalSection(SolutionProperties) = preSolution
		HideSolutionNode = FALSE
	EndGlobalSection
	GlobalSection(ExtensibilityGlobals) = postSolution
		SolutionGuid = {DD0E2800-3FDA-4079-9C81-ACC0D74C4001}
	EndGlobalSection
EndGlobal
