
Microsoft Visual Studio Solution File, Format Version 12.00
# Visual Studio Version 17
VisualStudioVersion = 17.7.34031.279
MinimumVisualStudioVersion = 10.0.40219.1
Project("{FAE04EC0-301F-11D3-BF4B-00C04F79EFBC}") = "Aula_13_setembro_tarde", "Aula_13_setembro_tarde\Aula_13_setembro_tarde.csproj", "{FAE7FC4E-9078-4707-88D0-5BAC8E7ACD7B}"
EndProject
Global
	GlobalSection(SolutionConfigurationPlatforms) = preSolution
		Debug|Any CPU = Debug|Any CPU
		Release|Any CPU = Release|Any CPU
	EndGlobalSection
	GlobalSection(ProjectConfigurationPlatforms) = postSolution
		{FAE7FC4E-9078-4707-88D0-5BAC8E7ACD7B}.Debug|Any CPU.ActiveCfg = Debug|Any CPU
		{FAE7FC4E-9078-4707-88D0-5BAC8E7ACD7B}.Debug|Any CPU.Build.0 = Debug|Any CPU
		{FAE7FC4E-9078-4707-88D0-5BAC8E7ACD7B}.Release|Any CPU.ActiveCfg = Release|Any CPU
		{FAE7FC4E-9078-4707-88D0-5BAC8E7ACD7B}.Release|Any CPU.Build.0 = Release|Any CPU
	EndGlobalSection
	GlobalSection(SolutionProperties) = preSolution
		HideSolutionNode = FALSE
	EndGlobalSection
	GlobalSection(ExtensibilityGlobals) = postSolution
		SolutionGuid = {EE986F82-FED0-4697-B1A5-A37E3BB96B2D}
	EndGlobalSection
EndGlobal
